{
  "name": "electron-workshop",
  "version": "1.0.2",
  "lockfileVersion": 1,
  "dependencies": {
    "blob-to-buffer": {
      "version": "https://registry.npmjs.org/blob-to-buffer/-/blob-to-buffer-1.2.6.tgz",
      "integrity": "sha1-CJrCZMaGtz6tbFOaSEqAA7+7IDM="
    },
    "drag-drop": {
      "version": "https://registry.npmjs.org/drag-drop/-/drag-drop-2.13.2.tgz",
      "integrity": "sha1-oB/0RZEj9a4KjIvZuzjGJcy4FVA="
    },
    "flatten": {
      "version": "http://nexus.cloud-corp.tvg.com/content/groups/npm/flatten/-/flatten-1.0.2.tgz",
      "integrity": "sha1-2uRqnXj74lKSJYzB54CkHZXAN4I="
    }
  }
}
